
Microsoft Visual Studio Solution File, Format Version 12.00
# Visual Studio Version 17
VisualStudioVersion = 17.9.34714.143
MinimumVisualStudioVersion = 10.0.40219.1
Project("{FAE04EC0-301F-11D3-BF4B-00C04F79EFBC}") = "ProductInventoryMVC", "ProductInventoryMVC.csproj", "{42E4E790-6DBE-4417-8491-E7EE79EB035A}"
EndProject
Global
	GlobalSection(SolutionConfigurationPlatforms) = preSolution
		Debug|Any CPU = Debug|Any CPU
		Release|Any CPU = Release|Any CPU
	EndGlobalSection
	GlobalSection(ProjectConfigurationPlatforms) = postSolution
		{42E4E790-6DBE-4417-8491-E7EE79EB035A}.Debug|Any CPU.ActiveCfg = Debug|Any CPU
		{42E4E790-6DBE-4417-8491-E7EE79EB035A}.Debug|Any CPU.Build.0 = Debug|Any CPU
		{42E4E790-6DBE-4417-8491-E7EE79EB035A}.Release|Any CPU.ActiveCfg = Release|Any CPU
		{42E4E790-6DBE-4417-8491-E7EE79EB035A}.Release|Any CPU.Build.0 = Release|Any CPU
	EndGlobalSection
	GlobalSection(SolutionProperties) = preSolution
		HideSolutionNode = FALSE
	EndGlobalSection
	GlobalSection(ExtensibilityGlobals) = postSolution
		SolutionGuid = {B5277F8D-E4BB-45BA-89C2-5FE4129410D7}
	EndGlobalSection
EndGlobal
